
Microsoft Visual Studio Solution File, Format Version 12.00
# Visual Studio 14
VisualStudioVersion = 14.0.24720.0
MinimumVisualStudioVersion = 10.0.40219.1
Project("{FAE04EC0-301F-11D3-BF4B-00C04F79EFBC}") = "Ejemplo1.Core", "Ejemplo1.Core\Ejemplo1.Core.csproj", "{0CB1D8CA-F893-4A8B-A330-F58604C9B9E9}"
EndProject
Project("{FAE04EC0-301F-11D3-BF4B-00C04F79EFBC}") = "Ejemplo1.Droid", "Ejemplo1.Droid\Ejemplo1.Droid.csproj", "{703582E8-F0CE-45B0-B479-A37068A7FA7E}"
EndProject
Global
	GlobalSection(SolutionConfigurationPlatforms) = preSolution
		Debug|Any CPU = Debug|Any CPU
		Release|Any CPU = Release|Any CPU
	EndGlobalSection
	GlobalSection(ProjectConfigurationPlatforms) = postSolution
		{0CB1D8CA-F893-4A8B-A330-F58604C9B9E9}.Debug|Any CPU.ActiveCfg = Debug|Any CPU
		{0CB1D8CA-F893-4A8B-A330-F58604C9B9E9}.Debug|Any CPU.Build.0 = Debug|Any CPU
		{0CB1D8CA-F893-4A8B-A330-F58604C9B9E9}.Release|Any CPU.ActiveCfg = Release|Any CPU
		{0CB1D8CA-F893-4A8B-A330-F58604C9B9E9}.Release|Any CPU.Build.0 = Release|Any CPU
		{703582E8-F0CE-45B0-B479-A37068A7FA7E}.Debug|Any CPU.ActiveCfg = Debug|Any CPU
		{703582E8-F0CE-45B0-B479-A37068A7FA7E}.Debug|Any CPU.Build.0 = Debug|Any CPU
		{703582E8-F0CE-45B0-B479-A37068A7FA7E}.Debug|Any CPU.Deploy.0 = Debug|Any CPU
		{703582E8-F0CE-45B0-B479-A37068A7FA7E}.Release|Any CPU.ActiveCfg = Release|Any CPU
		{703582E8-F0CE-45B0-B479-A37068A7FA7E}.Release|Any CPU.Build.0 = Release|Any CPU
		{703582E8-F0CE-45B0-B479-A37068A7FA7E}.Release|Any CPU.Deploy.0 = Release|Any CPU
	EndGlobalSection
	GlobalSection(SolutionProperties) = preSolution
		HideSolutionNode = FALSE
	EndGlobalSection
EndGlobal
